
Microsoft Visual Studio Solution File, Format Version 12.00
# Visual Studio Version 16
VisualStudioVersion = 16.0.33801.447
MinimumVisualStudioVersion = 10.0.40219.1
Project("{9A19103F-16F7-4668-BE54-9A1E7A4F7556}") = "DiziOrnek1", "DiziOrnek1\DiziOrnek1.csproj", "{9E52B42F-37FF-4761-9B8D-E0ACDDCCA409}"
EndProject
Project("{FAE04EC0-301F-11D3-BF4B-00C04F79EFBC}") = "DiziOrnek2", "DiziOrnek2\DiziOrnek2.csproj", "{26969BFC-9599-4F95-95EA-219A5AC24291}"
EndProject
Project("{FAE04EC0-301F-11D3-BF4B-00C04F79EFBC}") = "DiziOrnek3", "DiziOrnek3\DiziOrnek3.csproj", "{5DC59046-CC7E-48C0-8A8E-C362CFD54787}"
EndProject
Project("{FAE04EC0-301F-11D3-BF4B-00C04F79EFBC}") = "DiziOrnek4", "DiziOrnek4\DiziOrnek4.csproj", "{6903958E-C6EA-4516-8073-0C87BE5BC9F2}"
EndProject
Project("{FAE04EC0-301F-11D3-BF4B-00C04F79EFBC}") = "DiziMetotlariOrnek1", "DiziMetotlariOrnek1\DiziMetotlariOrnek1.csproj", "{62F9E9F9-358B-4091-A1B0-C93CF0B856EE}"
EndProject
Project("{FAE04EC0-301F-11D3-BF4B-00C04F79EFBC}") = "DiziMetotlariOrnek2", "DiziMetotlariOrnek2\DiziMetotlariOrnek2.csproj", "{48603D42-5CAB-4D39-9016-86193BF90EE8}"
EndProject
Project("{FAE04EC0-301F-11D3-BF4B-00C04F79EFBC}") = "IkiBoyutluDiziOrnek1", "IkiBoyutluDiziOrnek1\IkiBoyutluDiziOrnek1.csproj", "{9DFED41F-ED57-4D96-809A-9B2805A5AF8F}"
EndProject
Project("{FAE04EC0-301F-11D3-BF4B-00C04F79EFBC}") = "IkiBoyutluDiziOrnek2", "IkiBoyutluDiziOrnek2\IkiBoyutluDiziOrnek2.csproj", "{B9FABE0A-0B8A-49E1-B785-3314A17B4CF9}"
EndProject
Project("{FAE04EC0-301F-11D3-BF4B-00C04F79EFBC}") = "ForeachOrnek1", "ForeachOrnek1\ForeachOrnek1.csproj", "{F84D9163-7C55-4B23-9DAF-5D1FE03E1F8B}"
EndProject
Project("{FAE04EC0-301F-11D3-BF4B-00C04F79EFBC}") = "KoleksiyonOrnek1", "KoleksiyonOrnek1\KoleksiyonOrnek1.csproj", "{85D799B6-0B1C-4614-B444-E52F8EE7A8DF}"
EndProject
Project("{FAE04EC0-301F-11D3-BF4B-00C04F79EFBC}") = "KoleksiyonOrnek2", "KoleksiyonOrnek2\KoleksiyonOrnek2.csproj", "{8FF845A0-08D8-477F-877C-AB7A5C594918}"
EndProject
Project("{FAE04EC0-301F-11D3-BF4B-00C04F79EFBC}") = "KoleksiyonOrnek3", "KoleksiyonOrnek3\KoleksiyonOrnek3.csproj", "{FB116DE5-170A-4351-8296-4ACC725592DE}"
EndProject
Global
	GlobalSection(SolutionConfigurationPlatforms) = preSolution
		Debug|Any CPU = Debug|Any CPU
		Release|Any CPU = Release|Any CPU
	EndGlobalSection
	GlobalSection(ProjectConfigurationPlatforms) = postSolution
		{9E52B42F-37FF-4761-9B8D-E0ACDDCCA409}.Debug|Any CPU.ActiveCfg = Debug|Any CPU
		{9E52B42F-37FF-4761-9B8D-E0ACDDCCA409}.Debug|Any CPU.Build.0 = Debug|Any CPU
		{9E52B42F-37FF-4761-9B8D-E0ACDDCCA409}.Release|Any CPU.ActiveCfg = Release|Any CPU
		{9E52B42F-37FF-4761-9B8D-E0ACDDCCA409}.Release|Any CPU.Build.0 = Release|Any CPU
		{26969BFC-9599-4F95-95EA-219A5AC24291}.Debug|Any CPU.ActiveCfg = Debug|Any CPU
		{26969BFC-9599-4F95-95EA-219A5AC24291}.Debug|Any CPU.Build.0 = Debug|Any CPU
		{26969BFC-9599-4F95-95EA-219A5AC24291}.Release|Any CPU.ActiveCfg = Release|Any CPU
		{26969BFC-9599-4F95-95EA-219A5AC24291}.Release|Any CPU.Build.0 = Release|Any CPU
		{5DC59046-CC7E-48C0-8A8E-C362CFD54787}.Debug|Any CPU.ActiveCfg = Debug|Any CPU
		{5DC59046-CC7E-48C0-8A8E-C362CFD54787}.Debug|Any CPU.Build.0 = Debug|Any CPU
		{5DC59046-CC7E-48C0-8A8E-C362CFD54787}.Release|Any CPU.ActiveCfg = Release|Any CPU
		{5DC59046-CC7E-48C0-8A8E-C362CFD54787}.Release|Any CPU.Build.0 = Release|Any CPU
		{6903958E-C6EA-4516-8073-0C87BE5BC9F2}.Debug|Any CPU.ActiveCfg = Debug|Any CPU
		{6903958E-C6EA-4516-8073-0C87BE5BC9F2}.Debug|Any CPU.Build.0 = Debug|Any CPU
		{6903958E-C6EA-4516-8073-0C87BE5BC9F2}.Release|Any CPU.ActiveCfg = Release|Any CPU
		{6903958E-C6EA-4516-8073-0C87BE5BC9F2}.Release|Any CPU.Build.0 = Release|Any CPU
		{62F9E9F9-358B-4091-A1B0-C93CF0B856EE}.Debug|Any CPU.ActiveCfg = Debug|Any CPU
		{62F9E9F9-358B-4091-A1B0-C93CF0B856EE}.Debug|Any CPU.Build.0 = Debug|Any CPU
		{62F9E9F9-358B-4091-A1B0-C93CF0B856EE}.Release|Any CPU.ActiveCfg = Release|Any CPU
		{62F9E9F9-358B-4091-A1B0-C93CF0B856EE}.Release|Any CPU.Build.0 = Release|Any CPU
		{48603D42-5CAB-4D39-9016-86193BF90EE8}.Debug|Any CPU.ActiveCfg = Debug|Any CPU
		{48603D42-5CAB-4D39-9016-86193BF90EE8}.Debug|Any CPU.Build.0 = Debug|Any CPU
		{48603D42-5CAB-4D39-9016-86193BF90EE8}.Release|Any CPU.ActiveCfg = Release|Any CPU
		{48603D42-5CAB-4D39-9016-86193BF90EE8}.Release|Any CPU.Build.0 = Release|Any CPU
		{9DFED41F-ED57-4D96-809A-9B2805A5AF8F}.Debug|Any CPU.ActiveCfg = Debug|Any CPU
		{9DFED41F-ED57-4D96-809A-9B2805A5AF8F}.Debug|Any CPU.Build.0 = Debug|Any CPU
		{9DFED41F-ED57-4D96-809A-9B2805A5AF8F}.Release|Any CPU.ActiveCfg = Release|Any CPU
		{9DFED41F-ED57-4D96-809A-9B2805A5AF8F}.Release|Any CPU.Build.0 = Release|Any CPU
		{B9FABE0A-0B8A-49E1-B785-3314A17B4CF9}.Debug|Any CPU.ActiveCfg = Debug|Any CPU
		{B9FABE0A-0B8A-49E1-B785-3314A17B4CF9}.Debug|Any CPU.Build.0 = Debug|Any CPU
		{B9FABE0A-0B8A-49E1-B785-3314A17B4CF9}.Release|Any CPU.ActiveCfg = Release|Any CPU
		{B9FABE0A-0B8A-49E1-B785-3314A17B4CF9}.Release|Any CPU.Build.0 = Release|Any CPU
		{F84D9163-7C55-4B23-9DAF-5D1FE03E1F8B}.Debug|Any CPU.ActiveCfg = Debug|Any CPU
		{F84D9163-7C55-4B23-9DAF-5D1FE03E1F8B}.Debug|Any CPU.Build.0 = Debug|Any CPU
		{F84D9163-7C55-4B23-9DAF-5D1FE03E1F8B}.Release|Any CPU.ActiveCfg = Release|Any CPU
		{F84D9163-7C55-4B23-9DAF-5D1FE03E1F8B}.Release|Any CPU.Build.0 = Release|Any CPU
		{85D799B6-0B1C-4614-B444-E52F8EE7A8DF}.Debug|Any CPU.ActiveCfg = Debug|Any CPU
		{85D799B6-0B1C-4614-B444-E52F8EE7A8DF}.Debug|Any CPU.Build.0 = Debug|Any CPU
		{85D799B6-0B1C-4614-B444-E52F8EE7A8DF}.Release|Any CPU.ActiveCfg = Release|Any CPU
		{85D799B6-0B1C-4614-B444-E52F8EE7A8DF}.Release|Any CPU.Build.0 = Release|Any CPU
		{8FF845A0-08D8-477F-877C-AB7A5C594918}.Debug|Any CPU.ActiveCfg = Debug|Any CPU
		{8FF845A0-08D8-477F-877C-AB7A5C594918}.Debug|Any CPU.Build.0 = Debug|Any CPU
		{8FF845A0-08D8-477F-877C-AB7A5C594918}.Release|Any CPU.ActiveCfg = Release|Any CPU
		{8FF845A0-08D8-477F-877C-AB7A5C594918}.Release|Any CPU.Build.0 = Release|Any CPU
		{FB116DE5-170A-4351-8296-4ACC725592DE}.Debug|Any CPU.ActiveCfg = Debug|Any CPU
		{FB116DE5-170A-4351-8296-4ACC725592DE}.Debug|Any CPU.Build.0 = Debug|Any CPU
		{FB116DE5-170A-4351-8296-4ACC725592DE}.Release|Any CPU.ActiveCfg = Release|Any CPU
		{FB116DE5-170A-4351-8296-4ACC725592DE}.Release|Any CPU.Build.0 = Release|Any CPU
	EndGlobalSection
	GlobalSection(SolutionProperties) = preSolution
		HideSolutionNode = FALSE
	EndGlobalSection
	GlobalSection(ExtensibilityGlobals) = postSolution
		SolutionGuid = {D5D3C810-EFC7-4A9D-B170-A3C4342391C0}
	EndGlobalSection
EndGlobal
